dependencies:
  '@vitejs/plugin-vue': 1.1.4_@vue+compiler-sfc@3.0.5
  '@vue/compiler-sfc': 3.0.5_vue@3.0.5
  axios: 0.21.1
  laravel-vite: 0.0.3
  lodash: 4.17.21
  postcss: 8.2.6
  vite: 2.0.1
  vue: 3.0.5
lockfileVersion: 5.2
packages:
  /@babel/helper-validator-identifier/7.12.11:
    dev: false
    resolution:
      integrity: sha512-np/lG3uARFybkoHokJUmf1QfEvRVCPbmQeUQpKow5cQ3xWrV9i3rUHodKDJPQfTVX61qKi+UdYk8kik84n7XOw==
  /@babel/parser/7.13.4:
    dev: false
    engines:
      node: '>=6.0.0'
    hasBin: true
    resolution:
      integrity: sha512-uvoOulWHhI+0+1f9L4BoozY7U5cIkZ9PgJqvb041d6vypgUmtVPG4vmGm4pSggjl8BELzvHyUeJSUyEMY6b+qA==
  /@babel/types/7.13.0:
    dependencies:
      '@babel/helper-validator-identifier': 7.12.11
      lodash: 4.17.21
      to-fast-properties: 2.0.0
    dev: false
    resolution:
      integrity: sha512-hE+HE8rnG1Z6Wzo+MhaKE5lM5eMx71T4EHJgku2E3xIfaULhDcxiiRxUYgwX8qwP1BBSlag+TdGOt6JAidIZTA==
  /@nodelib/fs.scandir/2.1.4:
    dependencies:
      '@nodelib/fs.stat': 2.0.4
      run-parallel: 1.2.0
    dev: false
    engines:
      node: '>= 8'
    resolution:
      integrity: sha512-33g3pMJk3bg5nXbL/+CY6I2eJDzZAni49PfJnL5fghPTggPvBd/pFNSgJsdAgWptuFu7qq/ERvOYFlhvsLTCKA==
  /@nodelib/fs.stat/2.0.4:
    dev: false
    engines:
      node: '>= 8'
    resolution:
      integrity: sha512-IYlHJA0clt2+Vg7bccq+TzRdJvv19c2INqBSsoOLp1je7xjtr7J26+WXR72MCdvU9q1qTzIWDfhMf+DRvQJK4Q==
  /@nodelib/fs.walk/1.2.6:
    dependencies:
      '@nodelib/fs.scandir': 2.1.4
      fastq: 1.10.1
    dev: false
    engines:
      node: '>= 8'
    resolution:
      integrity: sha512-8Broas6vTtW4GIXTAHDoE32hnN2M5ykgCpWGbuXHQ15vEMqr23pB76e/GZcYsZCHALv50ktd24qhEyKr6wBtow==
  /@vitejs/plugin-vue/1.1.4_@vue+compiler-sfc@3.0.5:
    dependencies:
      '@vue/compiler-sfc': 3.0.5_vue@3.0.5
    dev: false
    engines:
      node: '>=12.0.0'
    peerDependencies:
      '@vue/compiler-sfc': ^3.0.4
    resolution:
      integrity: sha512-cUDILd++9jdhdjpuhgJofQqOabOKe+kTWTE2HQY2PBHEUO2fgwTurLE0cJg9UcIo1x4lHfsp+59S9TBCHgTZkw==
  /@vue/compiler-core/3.0.5:
    dependencies:
      '@babel/parser': 7.13.4
      '@babel/types': 7.13.0
      '@vue/shared': 3.0.5
      estree-walker: 2.0.2
      source-map: 0.6.1
    dev: false
    resolution:
      integrity: sha512-iFXwk2gmU/GGwN4hpBwDWWMLvpkIejf/AybcFtlQ5V1ur+5jwfBaV0Y1RXoR6ePfBPJixtKZ3PmN+M+HgMAtfQ==
  /@vue/compiler-dom/3.0.5:
    dependencies:
      '@vue/compiler-core': 3.0.5
      '@vue/shared': 3.0.5
    dev: false
    resolution:
      integrity: sha512-HSOSe2XSPuCkp20h4+HXSiPH9qkhz6YbW9z9ZtL5vef2T2PMugH7/osIFVSrRZP/Ul5twFZ7MIRlp8tPX6e4/g==
  /@vue/compiler-sfc/3.0.5_vue@3.0.5:
    dependencies:
      '@babel/parser': 7.13.4
      '@babel/types': 7.13.0
      '@vue/compiler-core': 3.0.5
      '@vue/compiler-dom': 3.0.5
      '@vue/compiler-ssr': 3.0.5
      '@vue/shared': 3.0.5
      consolidate: 0.16.0
      estree-walker: 2.0.2
      hash-sum: 2.0.0
      lru-cache: 5.1.1
      magic-string: 0.25.7
      merge-source-map: 1.1.0
      postcss: 7.0.35
      postcss-modules: 3.2.2
      postcss-selector-parser: 6.0.4
      source-map: 0.6.1
      vue: 3.0.5
    dev: false
    peerDependencies:
      vue: 3.0.5
    resolution:
      integrity: sha512-uOAC4X0Gx3SQ9YvDC7YMpbDvoCmPvP0afVhJoxRotDdJ+r8VO3q4hFf/2f7U62k4Vkdftp6DVni8QixrfYzs+w==
  /@vue/compiler-ssr/3.0.5:
    dependencies:
      '@vue/compiler-dom': 3.0.5
      '@vue/shared': 3.0.5
    dev: false
    resolution:
      integrity: sha512-Wm//Kuxa1DpgjE4P9W0coZr8wklOfJ35Jtq61CbU+t601CpPTK4+FL2QDBItaG7aoUUDCWL5nnxMkuaOgzTBKg==
  /@vue/reactivity/3.0.5:
    dependencies:
      '@vue/shared': 3.0.5
    dev: false
    resolution:
      integrity: sha512-3xodUE3sEIJgS7ntwUbopIpzzvi7vDAOjVamfb2l+v1FUg0jpd3gf62N2wggJw3fxBMr+QvyxpD+dBoxLsmAjw==
  /@vue/runtime-core/3.0.5:
    dependencies:
      '@vue/reactivity': 3.0.5
      '@vue/shared': 3.0.5
    dev: false
    resolution:
      integrity: sha512-Cnyi2NqREwOLcTEsIi1DQX1hHtkVj4eGm4hBG7HhokS05DqpK4/80jG6PCCnCH9rIJDB2FqtaODX397210plXg==
  /@vue/runtime-dom/3.0.5:
    dependencies:
      '@vue/runtime-core': 3.0.5
      '@vue/shared': 3.0.5
      csstype: 2.6.16
    dev: false
    resolution:
      integrity: sha512-iilX1KySeIzHHtErT6Y44db1rhWK5tAI0CiJIPr+SJoZ2jbjoOSE6ff/jfIQakchbm1d6jq6VtRVnp5xYdOXKA==
  /@vue/shared/3.0.5:
    dev: false
    resolution:
      integrity: sha512-gYsNoGkWejBxNO6SNRjOh/xKeZ0H0V+TFzaPzODfBjkAIb0aQgBuixC1brandC/CDJy1wYPwSoYrXpvul7m6yw==
  /ansi-styles/3.2.1:
    dependencies:
      color-convert: 1.9.3
    dev: false
    engines:
      node: '>=4'
    resolution:
      integrity: sha512-VT0ZI6kZRdTh8YyJw3SMbYm/u+NqfsAxEpWO0Pf9sq8/e94WxxOpPKx9FR1FlyCtOVDNOQ+8ntlqFxiRc+r5qA==
  /ansi-styles/4.3.0:
    dependencies:
      color-convert: 2.0.1
    dev: false
    engines:
      node: '>=8'
    resolution:
      integrity: sha512-zbB9rCJAT1rbjiVDb2hqKFHNYLxgtk8NURxZ3IZwD3F6NtxbXZQCnnSi1Lkx+IDohdPlFp222wVALIheZJQSEg==
  /axios/0.21.1:
    dependencies:
      follow-redirects: 1.13.2
    dev: false
    resolution:
      integrity: sha512-dKQiRHxGD9PPRIUNIWvZhPTPpl1rf/OxTYKsqKUDjBwYylTvV7SjSHJb9ratfyzM6wCdLCOYLzs73qpg5c4iGA==
  /big.js/5.2.2:
    dev: false
    resolution:
      integrity: sha512-vyL2OymJxmarO8gxMr0mhChsO9QGwhynfuu4+MHTAW6czfq9humCB7rKpUjDd9YUiDPU4mzpyupFSvOClAwbmQ==
  /bluebird/3.7.2:
    dev: false
    resolution:
      integrity: sha512-XpNj6GDQzdfW+r2Wnn7xiSAd7TM3jzkxGXBGTtWKuSXv1xUV+azxAm8jdWZN06QTQk+2N2XB9jRDkvbmQmcRtg==
  /braces/3.0.2:
    dependencies:
      fill-range: 7.0.1
    dev: false
    engines:
      node: '>=8'
    resolution:
      integrity: sha512-b8um+L1RzM3WDSzvhm6gIz1yfTbBt6YTlcEKAvsmqCZZFw46z626lVj9j1yEPW33H5H+lBQpZMP1k8l+78Ha0A==
  /chalk/2.4.2:
    dependencies:
      ansi-styles: 3.2.1
      escape-string-regexp: 1.0.5
      supports-color: 5.5.0
    dev: false
    engines:
      node: '>=4'
    resolution:
      integrity: sha512-Mti+f9lpJNcwF4tWV8/OrTTtF1gZi+f8FqlyAdouralcFWFQWF2+NgCHShjkCb+IFBLq9buZwE1xckQU4peSuQ==
  /chalk/4.1.0:
    dependencies:
      ansi-styles: 4.3.0
      supports-color: 7.2.0
    dev: false
    engines:
      node: '>=10'
    resolution:
      integrity: sha512-qwx12AxXe2Q5xQ43Ac//I6v5aXTipYrSESdOgzrN+9XjgEpyjpKuvSGaN4qE93f7TQTlerQQ8S+EQ0EyDoVL1A==
  /color-convert/1.9.3:
    dependencies:
      color-name: 1.1.3
    dev: false
    resolution:
      integrity: sha512-QfAUtd+vFdAtFQcC8CCyYt1fYWxSqAiK2cSD6zDB8N3cpsEBAvRxp9zOGg6G/SHHJYAT88/az/IuDGALsNVbGg==
  /color-convert/2.0.1:
    dependencies:
      color-name: 1.1.4
    dev: false
    engines:
      node: '>=7.0.0'
    resolution:
      integrity: sha512-RRECPsj7iu/xb5oKYcsFHSppFNnsj/52OVTRKb4zP5onXwVF3zVmmToNcOfGC+CRDpfK/U584fMg38ZHCaElKQ==
  /color-name/1.1.3:
    dev: false
    resolution:
      integrity: sha1-p9BVi9icQveV3UIyj3QIMcpTvCU=
  /color-name/1.1.4:
    dev: false
    resolution:
      integrity: sha512-dOy+3AuW3a2wNbZHIuMZpTcgjGuLU/uBL/ubcZF9OXbDo8ff4O8yVp5Bf0efS8uEoYo5q4Fx7dY9OgQGXgAsQA==
  /colorette/1.2.1:
    dev: false
    resolution:
      integrity: sha512-puCDz0CzydiSYOrnXpz/PKd69zRrribezjtE9yd4zvytoRc8+RY/KJPvtPFKZS3E3wP6neGyMe0vOTlHO5L3Pw==
  /consolidate/0.16.0:
    dependencies:
      bluebird: 3.7.2
    dev: false
    engines:
      node: '>= 0.10.0'
    resolution:
      integrity: sha512-Nhl1wzCslqXYTJVDyJCu3ODohy9OfBMB5uD2BiBTzd7w+QY0lBzafkR8y8755yMYHAaMD4NuzbAw03/xzfw+eQ==
  /cross-spawn/7.0.3:
    dependencies:
      path-key: 3.1.1
      shebang-command: 2.0.0
      which: 2.0.2
    dev: false
    engines:
      node: '>= 8'
    resolution:
      integrity: sha512-iRDPJKUPVEND7dHPO8rkbOnPpyDygcDFtWjpeWNCgy8WP2rXcxXL8TskReQl6OrB2G7+UJrags1q15Fudc7G6w==
  /cssesc/3.0.0:
    dev: false
    engines:
      node: '>=4'
    hasBin: true
    resolution:
      integrity: sha512-/Tb/JcjK111nNScGob5MNtsntNM1aCNUDipB/TkwZFhyDrrE47SOx/18wF2bbjgc3ZzCSKW1T5nt5EbFoAz/Vg==
  /csstype/2.6.16:
    dev: false
    resolution:
      integrity: sha512-61FBWoDHp/gRtsoDkq/B1nWrCUG/ok1E3tUrcNbZjsE9Cxd9yzUirjS3+nAATB8U4cTtaQmAHbNndoFz5L6C9Q==
  /deepmerge/4.2.2:
    dev: false
    engines:
      node: '>=0.10.0'
    resolution:
      integrity: sha512-FJ3UgI4gIl+PHZm53knsuSFpE+nESMr7M4v9QcgB7S63Kj/6WqMiFQJpBBYz1Pt+66bZpP3Q7Lye0Oo9MPKEdg==
  /dotenv/8.2.0:
    dev: false
    engines:
      node: '>=8'
    resolution:
      integrity: sha512-8sJ78ElpbDJBHNeBzUbUVLsqKdccaa/BXF1uPTw3GrvQTBgrQrtObr2mUrE38vzYd8cEv+m/JBfDLioYcfXoaw==
  /emojis-list/3.0.0:
    dev: false
    engines:
      node: '>= 4'
    resolution:
      integrity: sha512-/kyM18EfinwXZbno9FyUGeFh87KC8HRQBQGildHZbEuRyWFOmv1U10o9BBp8XVZDVNNuQKyIGIu5ZYAAXJ0V2Q==
  /esbuild/0.8.51:
    dev: false
    hasBin: true
    requiresBuild: true
    resolution:
      integrity: sha512-MVIom8fgL1+B6iGqWtrG7QJ1gqd64BycxounlsX1kR/IcIITaSlTo7gghKpg4a+bnxkpo0dwcikuvk4MVSA9ww==
  /escape-string-regexp/1.0.5:
    dev: false
    engines:
      node: '>=0.8.0'
    resolution:
      integrity: sha1-G2HAViGQqN/2rjuyzwIAyhMLhtQ=
  /estree-walker/2.0.2:
    dev: false
    resolution:
      integrity: sha512-Rfkk/Mp/DL7JVje3u18FxFujQlTNR2q6QfMSMB7AvCBx91NGj/ba3kCfza0f6dVDbw7YlRf/nDrn7pQrCCyQ/w==
  /execa/5.0.0:
    dependencies:
      cross-spawn: 7.0.3
      get-stream: 6.0.0
      human-signals: 2.1.0
      is-stream: 2.0.0
      merge-stream: 2.0.0
      npm-run-path: 4.0.1
      onetime: 5.1.2
      signal-exit: 3.0.3
      strip-final-newline: 2.0.0
    dev: false
    engines:
      node: '>=10'
    resolution:
      integrity: sha512-ov6w/2LCiuyO4RLYGdpFGjkcs0wMTgGE8PrkTHikeUy5iJekXyPIKUjifk5CsE0pt7sMCrMZ3YNqoCj6idQOnQ==
  /fast-glob/3.2.5:
    dependencies:
      '@nodelib/fs.stat': 2.0.4
      '@nodelib/fs.walk': 1.2.6
      glob-parent: 5.1.1
      merge2: 1.4.1
      micromatch: 4.0.2
      picomatch: 2.2.2
    dev: false
    engines:
      node: '>=8'
    resolution:
      integrity: sha512-2DtFcgT68wiTTiwZ2hNdJfcHNke9XOfnwmBRWXhmeKM8rF0TGwmC/Qto3S7RoZKp5cilZbxzO5iTNTQsJ+EeDg==
  /fastq/1.10.1:
    dependencies:
      reusify: 1.0.4
    dev: false
    resolution:
      integrity: sha512-AWuv6Ery3pM+dY7LYS8YIaCiQvUaos9OB1RyNgaOWnaX+Tik7Onvcsf8x8c+YtDeT0maYLniBip2hox5KtEXXA==
  /fill-range/7.0.1:
    dependencies:
      to-regex-range: 5.0.1
    dev: false
    engines:
      node: '>=8'
    resolution:
      integrity: sha512-qOo9F+dMUmC2Lcb4BbVvnKJxTPjCm+RRpe4gDuGrzkL7mEVl/djYSu2OdQ2Pa302N4oqkSg9ir6jaLWJ2USVpQ==
  /follow-redirects/1.13.2:
    dev: false
    engines:
      node: '>=4.0'
    peerDependencies:
      debug: '*'
    peerDependenciesMeta:
      debug:
        optional: true
    resolution:
      integrity: sha512-6mPTgLxYm3r6Bkkg0vNM0HTjfGrOEtsfbhagQvbxDEsEkpNhw582upBaoRZylzen6krEmxXJgt9Ju6HiI4O7BA==
  /fsevents/2.3.2:
    dev: false
    engines:
      node: ^8.16.0 || ^10.6.0 || >=11.0.0
    optional: true
    os:
      - darwin
    resolution:
      integrity: sha512-xiqMQR4xAeHTuB9uWm+fFRcIOgKBMiOBP+eXiyT7jsgVCq1bkVygt00oASowB7EdtpOHaaPgKt812P9ab+DDKA==
  /function-bind/1.1.1:
    dev: false
    resolution:
      integrity: sha512-yIovAzMX49sF8Yl58fSCWJ5svSLuaibPxXQJFLmBObTuCr0Mf1KiPopGM9NiFjiYBCbfaa2Fh6breQ6ANVTI0A==
  /generic-names/2.0.1:
    dependencies:
      loader-utils: 1.4.0
    dev: false
    resolution:
      integrity: sha512-kPCHWa1m9wGG/OwQpeweTwM/PYiQLrUIxXbt/P4Nic3LbGjCP0YwrALHW1uNLKZ0LIMg+RF+XRlj2ekT9ZlZAQ==
  /get-stream/6.0.0:
    dev: false
    engines:
      node: '>=10'
    resolution:
      integrity: sha512-A1B3Bh1UmL0bidM/YX2NsCOTnGJePL9rO/M+Mw3m9f2gUpfokS0hi5Eah0WSUEWZdZhIZtMjkIYS7mDfOqNHbg==
  /glob-parent/5.1.1:
    dependencies:
      is-glob: 4.0.1
    dev: false
    engines:
      node: '>= 6'
    resolution:
      integrity: sha512-FnI+VGOpnlGHWZxthPGR+QhR78fuiK0sNLkHQv+bL9fQi57lNNdquIbna/WrfROrolq8GK5Ek6BiMwqL/voRYQ==
  /has-flag/3.0.0:
    dev: false
    engines:
      node: '>=4'
    resolution:
      integrity: sha1-tdRU3CGZriJWmfNGfloH87lVuv0=
  /has-flag/4.0.0:
    dev: false
    engines:
      node: '>=8'
    resolution:
      integrity: sha512-EykJT/Q1KjTWctppgIAgfSO0tKVuZUjhgMr17kqTumMl6Afv3EISleU7qZUzoXDFTAHTDC4NOoG/ZxU3EvlMPQ==
  /has/1.0.3:
    dependencies:
      function-bind: 1.1.1
    dev: false
    engines:
      node: '>= 0.4.0'
    resolution:
      integrity: sha512-f2dvO0VU6Oej7RkWJGrehjbzMAjFp5/VKPp5tTpWIV4JHHZK1/BxbFRtf/siA2SWTe09caDmVtYYzWEIbBS4zw==
  /hash-sum/2.0.0:
    dev: false
    resolution:
      integrity: sha512-WdZTbAByD+pHfl/g9QSsBIIwy8IT+EsPiKDs0KNX+zSHhdDLFKdZu0BQHljvO+0QI/BasbMSUa8wYNCZTvhslg==
  /human-signals/2.1.0:
    dev: false
    engines:
      node: '>=10.17.0'
    resolution:
      integrity: sha512-B4FFZ6q/T2jhhksgkbEW3HBvWIfDW85snkQgawt07S7J5QXTk6BkNV+0yAeZrM5QpMAdYlocGoljn0sJ/WQkFw==
  /icss-replace-symbols/1.1.0:
    dev: false
    resolution:
      integrity: sha1-Bupvg2ead0njhs/h/oEq5dsiPe0=
  /icss-utils/4.1.1:
    dependencies:
      postcss: 7.0.35
    dev: false
    engines:
      node: '>= 6'
    resolution:
      integrity: sha512-4aFq7wvWyMHKgxsH8QQtGpvbASCf+eM3wPRLI6R+MgAnTCZ6STYsRvttLvRWK0Nfif5piF394St3HeJDaljGPA==
  /indexes-of/1.0.1:
    dev: false
    resolution:
      integrity: sha1-8w9xbI4r00bHtn0985FVZqfAVgc=
  /is-core-module/2.2.0:
    dependencies:
      has: 1.0.3
    dev: false
    resolution:
      integrity: sha512-XRAfAdyyY5F5cOXn7hYQDqh2Xmii+DEfIcQGxK/uNwMHhIkPWO0g8msXcbzLe+MpGoR951MlqM/2iIlU4vKDdQ==
  /is-extglob/2.1.1:
    dev: false
    engines:
      node: '>=0.10.0'
    resolution:
      integrity: sha1-qIwCU1eR8C7TfHahueqXc8gz+MI=
  /is-glob/4.0.1:
    dependencies:
      is-extglob: 2.1.1
    dev: false
    engines:
      node: '>=0.10.0'
    resolution:
      integrity: sha512-5G0tKtBTFImOqDnLB2hG6Bp2qcKEFduo4tZu9MT/H6NQv/ghhy30o55ufafxJ/LdH79LLs2Kfrn85TLKyA7BUg==
  /is-number/7.0.0:
    dev: false
    engines:
      node: '>=0.12.0'
    resolution:
      integrity: sha512-41Cifkg6e8TylSpdtTpeLVMqvSBEVzTttHvERD741+pnZ8ANv0004MRL43QKPDlK9cGvNp6NZWZUBlbGXYxxng==
  /is-stream/2.0.0:
    dev: false
    engines:
      node: '>=8'
    resolution:
      integrity: sha512-XCoy+WlUr7d1+Z8GgSuXmpuUFC9fOhRXglJMx+dwLKTkL44Cjd4W1Z5P+BQZpr+cR93aGP4S/s7Ftw6Nd/kiEw==
  /isexe/2.0.0:
    dev: false
    resolution:
      integrity: sha1-6PvzdNxVb/iUehDcsFctYz8s+hA=
  /json5/1.0.1:
    dependencies:
      minimist: 1.2.5
    dev: false
    hasBin: true
    resolution:
      integrity: sha512-aKS4WQjPenRxiQsC93MNfjx+nbF4PAdYzmd/1JIj8HYzqfbu86beTuNgXDzPknWk0n0uARlyewZo4s++ES36Ow==
  /laravel-vite/0.0.3:
    dependencies:
      chalk: 4.1.0
      deepmerge: 4.2.2
      dotenv: 8.2.0
      execa: 5.0.0
      fast-glob: 3.2.5
    dev: false
    resolution:
      integrity: sha512-am6qWA4wiHVGbauew4ZluHvBryui7rKqXjnHJEo+tD4VfwBAXjaC6CADdgLMqI0CWSMk0BTShTikayhBYeGeOA==
  /loader-utils/1.4.0:
    dependencies:
      big.js: 5.2.2
      emojis-list: 3.0.0
      json5: 1.0.1
    dev: false
    engines:
      node: '>=4.0.0'
    resolution:
      integrity: sha512-qH0WSMBtn/oHuwjy/NucEgbx5dbxxnxup9s4PVXJUDHZBQY+s0NWA9rJf53RBnQZxfch7euUui7hpoAPvALZdA==
  /lodash.camelcase/4.3.0:
    dev: false
    resolution:
      integrity: sha1-soqmKIorn8ZRA1x3EfZathkDMaY=
  /lodash/4.17.21:
    dev: false
    resolution:
      integrity: sha512-v2kDEe57lecTulaDIuNTPy3Ry4gLGJ6Z1O3vE1krgXZNrsQ+LFTGHVxVjcXPs17LhbZVGedAJv8XZ1tvj5FvSg==
  /lru-cache/5.1.1:
    dependencies:
      yallist: 3.1.1
    dev: false
    resolution:
      integrity: sha512-KpNARQA3Iwv+jTA0utUVVbrh+Jlrr1Fv0e56GGzAFOXN7dk/FviaDW8LHmK52DlcH4WP2n6gI8vN1aesBFgo9w==
  /magic-string/0.25.7:
    dependencies:
      sourcemap-codec: 1.4.8
    dev: false
    resolution:
      integrity: sha512-4CrMT5DOHTDk4HYDlzmwu4FVCcIYI8gauveasrdCu2IKIFOJ3f0v/8MDGJCDL9oD2ppz/Av1b0Nj345H9M+XIA==
  /merge-source-map/1.1.0:
    dependencies:
      source-map: 0.6.1
    dev: false
    resolution:
      integrity: sha512-Qkcp7P2ygktpMPh2mCQZaf3jhN6D3Z/qVZHSdWvQ+2Ef5HgRAPBO57A77+ENm0CPx2+1Ce/MYKi3ymqdfuqibw==
  /merge-stream/2.0.0:
    dev: false
    resolution:
      integrity: sha512-abv/qOcuPfk3URPfDzmZU1LKmuw8kT+0nIHvKrKgFrwifol/doWcdA4ZqsWQ8ENrFKkd67Mfpo/LovbIUsbt3w==
  /merge2/1.4.1:
    dev: false
    engines:
      node: '>= 8'
    resolution:
      integrity: sha512-8q7VEgMJW4J8tcfVPy8g09NcQwZdbwFEqhe/WZkoIzjn/3TGDwtOCYtXGxA3O8tPzpczCCDgv+P2P5y00ZJOOg==
  /micromatch/4.0.2:
    dependencies:
      braces: 3.0.2
      picomatch: 2.2.2
    dev: false
    engines:
      node: '>=8'
    resolution:
      integrity: sha512-y7FpHSbMUMoyPbYUSzO6PaZ6FyRnQOpHuKwbo1G+Knck95XVU4QAiKdGEnj5wwoS7PlOgthX/09u5iFJ+aYf5Q==
  /mimic-fn/2.1.0:
    dev: false
    engines:
      node: '>=6'
    resolution:
      integrity: sha512-OqbOk5oEQeAZ8WXWydlu9HJjz9WVdEIvamMCcXmuqUYjTknH/sqsWvhQ3vgwKFRR1HpjvNBKQ37nbJgYzGqGcg==
  /minimist/1.2.5:
    dev: false
    resolution:
      integrity: sha512-FM9nNUYrRBAELZQT3xeZQ7fmMOBg6nWNmJKTcgsJeaLstP/UODVpGsr5OhXhhXg6f+qtJ8uiZ+PUxkDWcgIXLw==
  /nanoid/3.1.20:
    dev: false
    engines:
      node: ^10 || ^12 || ^13.7 || ^14 || >=15.0.1
    hasBin: true
    resolution:
      integrity: sha512-a1cQNyczgKbLX9jwbS/+d7W8fX/RfgYR7lVWwWOGIPNgK2m0MWvrGF6/m4kk6U3QcFMnZf3RIhL0v2Jgh/0Uxw==
  /npm-run-path/4.0.1:
    dependencies:
      path-key: 3.1.1
    dev: false
    engines:
      node: '>=8'
    resolution:
      integrity: sha512-S48WzZW777zhNIrn7gxOlISNAqi9ZC/uQFnRdbeIHhZhCA6UqpkOT8T1G7BvfdgP4Er8gF4sUbaS0i7QvIfCWw==
  /onetime/5.1.2:
    dependencies:
      mimic-fn: 2.1.0
    dev: false
    engines:
      node: '>=6'
    resolution:
      integrity: sha512-kbpaSSGJTWdAY5KPVeMOKXSrPtr8C8C7wodJbcsd51jRnmD+GZu8Y0VoU6Dm5Z4vWr0Ig/1NKuWRKf7j5aaYSg==
  /path-key/3.1.1:
    dev: false
    engines:
      node: '>=8'
    resolution:
      integrity: sha512-ojmeN0qd+y0jszEtoY48r0Peq5dwMEkIlCOu6Q5f41lfkswXuKtYrhgoTpLnyIcHm24Uhqx+5Tqm2InSwLhE6Q==
  /path-parse/1.0.6:
    dev: false
    resolution:
      integrity: sha512-GSmOT2EbHrINBf9SR7CDELwlJ8AENk3Qn7OikK4nFYAu3Ote2+JYNVvkpAEQm3/TLNEJFD/xZJjzyxg3KBWOzw==
  /picomatch/2.2.2:
    dev: false
    engines:
      node: '>=8.6'
    resolution:
      integrity: sha512-q0M/9eZHzmr0AulXyPwNfZjtwZ/RBZlbN3K3CErVrk50T2ASYI7Bye0EvekFY3IP1Nt2DHu0re+V2ZHIpMkuWg==
  /postcss-modules-extract-imports/2.0.0:
    dependencies:
      postcss: 7.0.35
    dev: false
    engines:
      node: '>= 6'
    resolution:
      integrity: sha512-LaYLDNS4SG8Q5WAWqIJgdHPJrDDr/Lv775rMBFUbgjTz6j34lUznACHcdRWroPvXANP2Vj7yNK57vp9eFqzLWQ==
  /postcss-modules-local-by-default/3.0.3:
    dependencies:
      icss-utils: 4.1.1
      postcss: 7.0.35
      postcss-selector-parser: 6.0.4
      postcss-value-parser: 4.1.0
    dev: false
    engines:
      node: '>= 6'
    resolution:
      integrity: sha512-e3xDq+LotiGesympRlKNgaJ0PCzoUIdpH0dj47iWAui/kyTgh3CiAr1qP54uodmJhl6p9rN6BoNcdEDVJx9RDw==
  /postcss-modules-scope/2.2.0:
    dependencies:
      postcss: 7.0.35
      postcss-selector-parser: 6.0.4
    dev: false
    engines:
      node: '>= 6'
    resolution:
      integrity: sha512-YyEgsTMRpNd+HmyC7H/mh3y+MeFWevy7V1evVhJWewmMbjDHIbZbOXICC2y+m1xI1UVfIT1HMW/O04Hxyu9oXQ==
  /postcss-modules-values/3.0.0:
    dependencies:
      icss-utils: 4.1.1
      postcss: 7.0.35
    dev: false
    resolution:
      integrity: sha512-1//E5jCBrZ9DmRX+zCtmQtRSV6PV42Ix7Bzj9GbwJceduuf7IqP8MgeTXuRDHOWj2m0VzZD5+roFWDuU8RQjcg==
  /postcss-modules/3.2.2:
    dependencies:
      generic-names: 2.0.1
      icss-replace-symbols: 1.1.0
      lodash.camelcase: 4.3.0
      postcss: 7.0.35
      postcss-modules-extract-imports: 2.0.0
      postcss-modules-local-by-default: 3.0.3
      postcss-modules-scope: 2.2.0
      postcss-modules-values: 3.0.0
      string-hash: 1.1.3
    dev: false
    resolution:
      integrity: sha512-JQ8IAqHELxC0N6tyCg2UF40pACY5oiL6UpiqqcIFRWqgDYO8B0jnxzoQ0EOpPrWXvcpu6BSbQU/3vSiq7w8Nhw==
  /postcss-selector-parser/6.0.4:
    dependencies:
      cssesc: 3.0.0
      indexes-of: 1.0.1
      uniq: 1.0.1
      util-deprecate: 1.0.2
    dev: false
    engines:
      node: '>=4'
    resolution:
      integrity: sha512-gjMeXBempyInaBqpp8gODmwZ52WaYsVOsfr4L4lDQ7n3ncD6mEyySiDtgzCT+NYC0mmeOLvtsF8iaEf0YT6dBw==
  /postcss-value-parser/4.1.0:
    dev: false
    resolution:
      integrity: sha512-97DXOFbQJhk71ne5/Mt6cOu6yxsSfM0QGQyl0L25Gca4yGWEGJaig7l7gbCX623VqTBNGLRLaVUCnNkcedlRSQ==
  /postcss/7.0.35:
    dependencies:
      chalk: 2.4.2
      source-map: 0.6.1
      supports-color: 6.1.0
    dev: false
    engines:
      node: '>=6.0.0'
    resolution:
      integrity: sha512-3QT8bBJeX/S5zKTTjTCIjRF3If4avAT6kqxcASlTWEtAFCb9NH0OUxNDfgZSWdP5fJnBYCMEWkIFfWeugjzYMg==
  /postcss/8.2.6:
    dependencies:
      colorette: 1.2.1
      nanoid: 3.1.20
      source-map: 0.6.1
    dev: false
    engines:
      node: ^10 || ^12 || >=14
    resolution:
      integrity: sha512-xpB8qYxgPuly166AGlpRjUdEYtmOWx2iCwGmrv4vqZL9YPVviDVPZPRXxnXr6xPZOdxQ9lp3ZBFCRgWJ7LE3Sg==
  /queue-microtask/1.2.2:
    dev: false
    resolution:
      integrity: sha512-dB15eXv3p2jDlbOiNLyMabYg1/sXvppd8DP2J3EOCQ0AkuSXCW2tP7mnVouVLJKgUMY6yP0kcQDVpLCN13h4Xg==
  /resolve/1.20.0:
    dependencies:
      is-core-module: 2.2.0
      path-parse: 1.0.6
    dev: false
    resolution:
      integrity: sha512-wENBPt4ySzg4ybFQW2TT1zMQucPK95HSh/nq2CFTZVOGut2+pQvSsgtda4d26YrYcr067wjbmzOG8byDPBX63A==
  /reusify/1.0.4:
    dev: false
    engines:
      iojs: '>=1.0.0'
      node: '>=0.10.0'
    resolution:
      integrity: sha512-U9nH88a3fc/ekCF1l0/UP1IosiuIjyTh7hBvXVMHYgVcfGvt897Xguj2UOLDeI5BG2m7/uwyaLVT6fbtCwTyzw==
  /rollup/2.39.1:
    dev: false
    engines:
      node: '>=10.0.0'
    hasBin: true
    optionalDependencies:
      fsevents: 2.3.2
    resolution:
      integrity: sha512-9rfr0Z6j+vE+eayfNVFr1KZ+k+jiUl2+0e4quZafy1x6SFCjzFspfRSO2ZZQeWeX9noeDTUDgg6eCENiEPFvQg==
  /run-parallel/1.2.0:
    dependencies:
      queue-microtask: 1.2.2
    dev: false
    resolution:
      integrity: sha512-5l4VyZR86LZ/lDxZTR6jqL8AFE2S0IFLMP26AbjsLVADxHdhB/c0GUsH+y39UfCi3dzz8OlQuPmnaJOMoDHQBA==
  /shebang-command/2.0.0:
    dependencies:
      shebang-regex: 3.0.0
    dev: false
    engines:
      node: '>=8'
    resolution:
      integrity: sha512-kHxr2zZpYtdmrN1qDjrrX/Z1rR1kG8Dx+gkpK1G4eXmvXswmcE1hTWBWYUzlraYw1/yZp6YuDY77YtvbN0dmDA==
  /shebang-regex/3.0.0:
    dev: false
    engines:
      node: '>=8'
    resolution:
      integrity: sha512-7++dFhtcx3353uBaq8DDR4NuxBetBzC7ZQOhmTQInHEd6bSrXdiEyzCvG07Z44UYdLShWUyXt5M/yhz8ekcb1A==
  /signal-exit/3.0.3:
    dev: false
    resolution:
      integrity: sha512-VUJ49FC8U1OxwZLxIbTTrDvLnf/6TDgxZcK8wxR8zs13xpx7xbG60ndBlhNrFi2EMuFRoeDoJO7wthSLq42EjA==
  /source-map/0.6.1:
    dev: false
    engines:
      node: '>=0.10.0'
    resolution:
      integrity: sha512-UjgapumWlbMhkBgzT7Ykc5YXUT46F0iKu8SGXq0bcwP5dz/h0Plj6enJqjz1Zbq2l5WaqYnrVbwWOWMyF3F47g==
  /sourcemap-codec/1.4.8:
    dev: false
    resolution:
      integrity: sha512-9NykojV5Uih4lgo5So5dtw+f0JgJX30KCNI8gwhz2J9A15wD0Ml6tjHKwf6fTSa6fAdVBdZeNOs9eJ71qCk8vA==
  /string-hash/1.1.3:
    dev: false
    resolution:
      integrity: sha1-6Kr8CsGFW0Zmkp7X3RJ1311sgRs=
  /strip-final-newline/2.0.0:
    dev: false
    engines:
      node: '>=6'
    resolution:
      integrity: sha512-BrpvfNAE3dcvq7ll3xVumzjKjZQ5tI1sEUIKr3Uoks0XUl45St3FlatVqef9prk4jRDzhW6WZg+3bk93y6pLjA==
  /supports-color/5.5.0:
    dependencies:
      has-flag: 3.0.0
    dev: false
    engines:
      node: '>=4'
    resolution:
      integrity: sha512-QjVjwdXIt408MIiAqCX4oUKsgU2EqAGzs2Ppkm4aQYbjm+ZEWEcW4SfFNTr4uMNZma0ey4f5lgLrkB0aX0QMow==
  /supports-color/6.1.0:
    dependencies:
      has-flag: 3.0.0
    dev: false
    engines:
      node: '>=6'
    resolution:
      integrity: sha512-qe1jfm1Mg7Nq/NSh6XE24gPXROEVsWHxC1LIx//XNlD9iw7YZQGjZNjYN7xGaEG6iKdA8EtNFW6R0gjnVXp+wQ==
  /supports-color/7.2.0:
    dependencies:
      has-flag: 4.0.0
    dev: false
    engines:
      node: '>=8'
    resolution:
      integrity: sha512-qpCAvRl9stuOHveKsn7HncJRvv501qIacKzQlO/+Lwxc9+0q2wLyv4Dfvt80/DPn2pqOBsJdDiogXGR9+OvwRw==
  /to-fast-properties/2.0.0:
    dev: false
    engines:
      node: '>=4'
    resolution:
      integrity: sha1-3F5pjL0HkmW8c+A3doGk5Og/YW4=
  /to-regex-range/5.0.1:
    dependencies:
      is-number: 7.0.0
    dev: false
    engines:
      node: '>=8.0'
    resolution:
      integrity: sha512-65P7iz6X5yEr1cwcgvQxbbIw7Uk3gOy5dIdtZ4rDveLqhrdJP+Li/Hx6tyK0NEb+2GCyneCMJiGqrADCSNk8sQ==
  /uniq/1.0.1:
    dev: false
    resolution:
      integrity: sha1-sxxa6CVIRKOoKBVBzisEuGWnNP8=
  /util-deprecate/1.0.2:
    dev: false
    resolution:
      integrity: sha1-RQ1Nyfpw3nMnYvvS1KKJgUGaDM8=
  /vite/2.0.1:
    dependencies:
      esbuild: 0.8.51
      postcss: 8.2.6
      resolve: 1.20.0
      rollup: 2.39.1
    dev: false
    engines:
      node: '>=12.0.0'
    hasBin: true
    optionalDependencies:
      fsevents: 2.3.2
    resolution:
      integrity: sha512-x7ZfikjNs+6n4cdvwb9L5r5xBCdjmtmHFHaI4JVR3nAkJbMCK/dynfDWky8/NseZ9Ncz1jVxTQ/Bcf+n1ps1Ww==
  /vue/3.0.5:
    dependencies:
      '@vue/compiler-dom': 3.0.5
      '@vue/runtime-dom': 3.0.5
      '@vue/shared': 3.0.5
    dev: false
    resolution:
      integrity: sha512-TfaprOmtsAfhQau7WsomXZ8d9op/dkQLNIq8qPV3A0Vxs6GR5E+c1rfJS1SDkXRQj+dFyfnec7+U0Be1huiScg==
  /which/2.0.2:
    dependencies:
      isexe: 2.0.0
    dev: false
    engines:
      node: '>= 8'
    hasBin: true
    resolution:
      integrity: sha512-BLI3Tl1TW3Pvl70l3yq3Y64i+awpwXqsGBYWkkqMtnbXgrMD+yj7rhW0kuEDxzJaYXGjEW5ogapKNMEKNMjibA==
  /yallist/3.1.1:
    dev: false
    resolution:
      integrity: sha512-a4UGQaWPH59mOXUYnAG2ewncQS4i4F43Tv3JoAM+s2VDAmS9NsK8GpDMLrCHPksFT7h3K6TOoUNn2pb7RoXx4g==
specifiers:
  '@vitejs/plugin-vue': ^1.1.4
  '@vue/compiler-sfc': ^3.0.5
  axios: ^0.21.1
  laravel-vite: 0.0.3
  lodash: ^4.17.21
  postcss: ^8.2.6
  vite: 2.0.1
  vue: ^3.0.5
